
Microsoft Visual Studio Solution File, Format Version 12.00
# Visual Studio 15
VisualStudioVersion = 15.0.28010.2050
MinimumVisualStudioVersion = 10.0.40219.1
Project("{FAE04EC0-301F-11D3-BF4B-00C04F79EFBC}") = "GestionRuche", "GestionRuche\GestionRuche.csproj", "{DB43B209-37BE-4D1F-8935-EB7B7661DB2C}"
EndProject
Project("{FAE04EC0-301F-11D3-BF4B-00C04F79EFBC}") = "GestionRuche.API", "GestionRuche.API\GestionRuche.API.csproj", "{7F5AA9F5-F707-43F0-BC0A-F1B55F91231D}"
EndProject
Global
	GlobalSection(SolutionConfigurationPlatforms) = preSolution
		Debug|Any CPU = Debug|Any CPU
		Release|Any CPU = Release|Any CPU
	EndGlobalSection
	GlobalSection(ProjectConfigurationPlatforms) = postSolution
		{DB43B209-37BE-4D1F-8935-EB7B7661DB2C}.Debug|Any CPU.ActiveCfg = Debug|Any CPU
		{DB43B209-37BE-4D1F-8935-EB7B7661DB2C}.Debug|Any CPU.Build.0 = Debug|Any CPU
		{DB43B209-37BE-4D1F-8935-EB7B7661DB2C}.Release|Any CPU.ActiveCfg = Release|Any CPU
		{DB43B209-37BE-4D1F-8935-EB7B7661DB2C}.Release|Any CPU.Build.0 = Release|Any CPU
		{7F5AA9F5-F707-43F0-BC0A-F1B55F91231D}.Debug|Any CPU.ActiveCfg = Debug|Any CPU
		{7F5AA9F5-F707-43F0-BC0A-F1B55F91231D}.Debug|Any CPU.Build.0 = Debug|Any CPU
		{7F5AA9F5-F707-43F0-BC0A-F1B55F91231D}.Release|Any CPU.ActiveCfg = Release|Any CPU
		{7F5AA9F5-F707-43F0-BC0A-F1B55F91231D}.Release|Any CPU.Build.0 = Release|Any CPU
	EndGlobalSection
	GlobalSection(SolutionProperties) = preSolution
		HideSolutionNode = FALSE
	EndGlobalSection
	GlobalSection(ExtensibilityGlobals) = postSolution
		SolutionGuid = {FB5EFD8C-2BBE-4FB0-B0A6-1B7AB4B6AFAF}
	EndGlobalSection
EndGlobal
